
Microsoft Visual Studio Solution File, Format Version 12.00
# Visual Studio Version 17
VisualStudioVersion = 17.0.31903.59
MinimumVisualStudioVersion = 10.0.40219.1
Project("{2150E333-8FDC-42A3-9474-1A3956D46DE8}") = "src", "src", "{7C9B324C-8A8B-4ADA-B27C-31ADF1B773FD}"
EndProject
Project("{FAE04EC0-301F-11D3-BF4B-00C04F79EFBC}") = "AuctionService", "src\AuctionService\AuctionService.csproj", "{361DC181-92DF-4016-A10A-DC88D059AD31}"
EndProject
Global
	GlobalSection(SolutionConfigurationPlatforms) = preSolution
		Debug|Any CPU = Debug|Any CPU
		Release|Any CPU = Release|Any CPU
	EndGlobalSection
	GlobalSection(SolutionProperties) = preSolution
		HideSolutionNode = FALSE
	EndGlobalSection
	GlobalSection(ProjectConfigurationPlatforms) = postSolution
		{361DC181-92DF-4016-A10A-DC88D059AD31}.Debug|Any CPU.ActiveCfg = Debug|Any CPU
		{361DC181-92DF-4016-A10A-DC88D059AD31}.Debug|Any CPU.Build.0 = Debug|Any CPU
		{361DC181-92DF-4016-A10A-DC88D059AD31}.Release|Any CPU.ActiveCfg = Release|Any CPU
		{361DC181-92DF-4016-A10A-DC88D059AD31}.Release|Any CPU.Build.0 = Release|Any CPU
	EndGlobalSection
	GlobalSection(NestedProjects) = preSolution
		{361DC181-92DF-4016-A10A-DC88D059AD31} = {7C9B324C-8A8B-4ADA-B27C-31ADF1B773FD}
	EndGlobalSection
EndGlobal
